
Microsoft Visual Studio Solution File, Format Version 9.00
# Visual Studio 2005
Project("{FAE04EC0-301F-11D3-BF4B-00C04F79EFBC}") = "LlamaCarbonCopy", "LlamaCarbonCopy.csproj", "{656B3DE0-3323-401A-A360-CCE20F2A6F28}"
EndProject
Global
	GlobalSection(SolutionConfigurationPlatforms) = preSolution
		Debug|Any CPU = Debug|Any CPU
		Release|Any CPU = Release|Any CPU
	EndGlobalSection
	GlobalSection(ProjectConfigurationPlatforms) = postSolution
		{656B3DE0-3323-401A-A360-CCE20F2A6F28}.Debug|Any CPU.ActiveCfg = Debug|Any CPU
		{656B3DE0-3323-401A-A360-CCE20F2A6F28}.Debug|Any CPU.Build.0 = Debug|Any CPU
		{656B3DE0-3323-401A-A360-CCE20F2A6F28}.Release|Any CPU.ActiveCfg = Release|Any CPU
		{656B3DE0-3323-401A-A360-CCE20F2A6F28}.Release|Any CPU.Build.0 = Release|Any CPU
	EndGlobalSection
	GlobalSection(SolutionProperties) = preSolution
		HideSolutionNode = FALSE
	EndGlobalSection
EndGlobal
